// !$*UTF8*$!
{
	archiveVersion = 1;
	classes = {
	};
	objectVersion = 46;
	objects = {

/* Begin PBXBuildFile section */
		535F73BE20DAD50116E4C124 /* Pods_SwiftTorture.framework in Frameworks */ = {isa = PBXBuildFile; fileRef = 670FB4A83522738DF5ADCF04 /* Pods_SwiftTorture.framework */; settings = {ATTRIBUTES = (Weak, ); }; };
		C07B95DB1A1A7F050031ADFA /* main.m in Sources */ = {isa = PBXBuildFile; fileRef = C07B95DA1A1A7F050031ADFA /* main.m */; };
		C07B95DE1A1A7F050031ADFA /* AppDelegate.m in Sources */ = {isa = PBXBuildFile; fileRef = C07B95DD1A1A7F050031ADFA /* AppDelegate.m */; };
		C07B95E11A1A7F050031ADFA /* ViewController.m in Sources */ = {isa = PBXBuildFile; fileRef = C07B95E01A1A7F050031ADFA /* ViewController.m */; };
		C07B95E61A1A7F050031ADFA /* Images.xcassets in Resources */ = {isa = PBXBuildFile; fileRef = C07B95E51A1A7F050031ADFA /* Images.xcassets */; };
		C07B95F51A1A7F050031ADFA /* SwiftTortureTests.m in Sources */ = {isa = PBXBuildFile; fileRef = C07B95F41A1A7F050031ADFA /* SwiftTortureTests.m */; };
/* End PBXBuildFile section */

/* Begin PBXContainerItemProxy section */
		C07B95EF1A1A7F050031ADFA /* PBXContainerItemProxy */ = {
			isa = PBXContainerItemProxy;
			containerPortal = C07B95CD1A1A7F050031ADFA /* Project object */;
			proxyType = 1;
			remoteGlobalIDString = C07B95D41A1A7F050031ADFA;
			remoteInfo = SwiftTorture;
		};
/* End PBXContainerItemProxy section */

/* Begin PBXFileReference section */
		25D093677D6EE7A5DD70256B /* Pods-SwiftTorture.release.xcconfig */ = {isa = PBXFileReference; includeInIndex = 1; lastKnownFileType = text.xcconfig; name = "Pods-SwiftTorture.release.xcconfig"; path = "Pods/Target Support Files/Pods-SwiftTorture/Pods-SwiftTorture.release.xcconfig"; sourceTree = "<group>"; };
		670FB4A83522738DF5ADCF04 /* Pods_SwiftTorture.framework */ = {isa = PBXFileReference; explicitFileType = wrapper.framework; includeInIndex = 0; path = Pods_SwiftTorture.framework; sourceTree = BUILT_PRODUCTS_DIR; };
		832402F10D6697F7AF16A74E /* Pods-SwiftTorture.debug.xcconfig */ = {isa = PBXFileReference; includeInIndex = 1; lastKnownFileType = text.xcconfig; name = "Pods-SwiftTorture.debug.xcconfig"; path = "Pods/Target Support Files/Pods-SwiftTorture/Pods-SwiftTorture.debug.xcconfig"; sourceTree = "<group>"; };
		C07B95D51A1A7F050031ADFA /* SwiftTorture.app */ = {isa = PBXFileReference; explicitFileType = wrapper.application; includeInIndex = 0; path = SwiftTorture.app; sourceTree = BUILT_PRODUCTS_DIR; };
		C07B95D91A1A7F050031ADFA /* Info.plist */ = {isa = PBXFileReference; lastKnownFileType = text.plist.xml; path = Info.plist; sourceTree = "<group>"; };
		C07B95DA1A1A7F050031ADFA /* main.m */ = {isa = PBXFileReference; lastKnownFileType = sourcecode.c.objc; path = main.m; sourceTree = "<group>"; };
		C07B95DC1A1A7F050031ADFA /* AppDelegate.h */ = {isa = PBXFileReference; lastKnownFileType = sourcecode.c.h; path = AppDelegate.h; sourceTree = "<group>"; };
		C07B95DD1A1A7F050031ADFA /* AppDelegate.m */ = {isa = PBXFileReference; lastKnownFileType = sourcecode.c.objc; path = AppDelegate.m; sourceTree = "<group>"; };
		C07B95DF1A1A7F050031ADFA /* ViewController.h */ = {isa = PBXFileReference; lastKnownFileType = sourcecode.c.h; path = ViewController.h; sourceTree = "<group>"; };
		C07B95E01A1A7F050031ADFA /* ViewController.m */ = {isa = PBXFileReference; lastKnownFileType = sourcecode.c.objc; path = ViewController.m; sourceTree = "<group>"; };
		C07B95E51A1A7F050031ADFA /* Images.xcassets */ = {isa = PBXFileReference; lastKnownFileType = folder.assetcatalog; path = Images.xcassets; sourceTree = "<group>"; };
		C07B95EE1A1A7F050031ADFA /* SwiftTortureTests.xctest */ = {isa = PBXFileReference; explicitFileType = wrapper.cfbundle; includeInIndex = 0; path = SwiftTortureTests.xctest; sourceTree = BUILT_PRODUCTS_DIR; };
		C07B95F31A1A7F050031ADFA /* Info.plist */ = {isa = PBXFileReference; lastKnownFileType = text.plist.xml; path = Info.plist; sourceTree = "<group>"; };
		C07B95F41A1A7F050031ADFA /* SwiftTortureTests.m */ = {isa = PBXFileReference; lastKnownFileType = sourcecode.c.objc; path = SwiftTortureTests.m; sourceTree = "<group>"; };
/* End PBXFileReference section */

/* Begin PBXFrameworksBuildPhase section */
		C07B95D21A1A7F050031ADFA /* Frameworks */ = {
			isa = PBXFrameworksBuildPhase;
			buildActionMask = 2147483647;
			files = (
				535F73BE20DAD50116E4C124 /* Pods_SwiftTorture.framework in Frameworks */,
			);
			runOnlyForDeploymentPostprocessing = 0;
		};
		C07B95EB1A1A7F050031ADFA /* Frameworks */ = {
			isa = PBXFrameworksBuildPhase;
			buildActionMask = 2147483647;
			files = (
			);
			runOnlyForDeploymentPostprocessing = 0;
		};
/* End PBXFrameworksBuildPhase section */

/* Begin PBXGroup section */
		5569652A2F75B34D03225C57 /* Pods */ = {
			isa = PBXGroup;
			children = (
				832402F10D6697F7AF16A74E /* Pods-SwiftTorture.debug.xcconfig */,
				25D093677D6EE7A5DD70256B /* Pods-SwiftTorture.release.xcconfig */,
			);
			name = Pods;
			sourceTree = "<group>";
		};
		A4F79555E311CC5DC10FF260 /* Frameworks */ = {
			isa = PBXGroup;
			children = (
				670FB4A83522738DF5ADCF04 /* Pods_SwiftTorture.framework */,
			);
			name = Frameworks;
			sourceTree = "<group>";
		};
		C07B95CC1A1A7F040031ADFA = {
			isa = PBXGroup;
			children = (
				C07B95D71A1A7F050031ADFA /* SwiftTorture */,
				C07B95F11A1A7F050031ADFA /* SwiftTortureTests */,
				C07B95D61A1A7F050031ADFA /* Products */,
				5569652A2F75B34D03225C57 /* Pods */,
				A4F79555E311CC5DC10FF260 /* Frameworks */,
			);
			sourceTree = "<group>";
		};
		C07B95D61A1A7F050031ADFA /* Products */ = {
			isa = PBXGroup;
			children = (
				C07B95D51A1A7F050031ADFA /* SwiftTorture.app */,
				C07B95EE1A1A7F050031ADFA /* SwiftTortureTests.xctest */,
			);
			name = Products;
			sourceTree = "<group>";
		};
		C07B95D71A1A7F050031ADFA /* SwiftTorture */ = {
			isa = PBXGroup;
			children = (
				C07B95DC1A1A7F050031ADFA /* AppDelegate.h */,
				C07B95DD1A1A7F050031ADFA /* AppDelegate.m */,
				C07B95DF1A1A7F050031ADFA /* ViewController.h */,
				C07B95E01A1A7F050031ADFA /* ViewController.m */,
				C07B95E51A1A7F050031ADFA /* Images.xcassets */,
				C07B95D81A1A7F050031ADFA /* Supporting Files */,
			);
			path = SwiftTorture;
			sourceTree = "<group>";
		};
		C07B95D81A1A7F050031ADFA /* Supporting Files */ = {
			isa = PBXGroup;
			children = (
				C07B95D91A1A7F050031ADFA /* Info.plist */,
				C07B95DA1A1A7F050031ADFA /* main.m */,
			);
			name = "Supporting Files";
			sourceTree = "<group>";
		};
		C07B95F11A1A7F050031ADFA /* SwiftTortureTests */ = {
			isa = PBXGroup;
			children = (
				C07B95F41A1A7F050031ADFA /* SwiftTortureTests.m */,
				C07B95F21A1A7F050031ADFA /* Supporting Files */,
			);
			path = SwiftTortureTests;
			sourceTree = "<group>";
		};
		C07B95F21A1A7F050031ADFA /* Supporting Files */ = {
			isa = PBXGroup;
			children = (
				C07B95F31A1A7F050031ADFA /* Info.plist */,
			);
			name = "Supporting Files";
			sourceTree = "<group>";
		};
/* End PBXGroup section */

/* Begin PBXNativeTarget section */
		C07B95D41A1A7F050031ADFA /* SwiftTorture */ = {
			isa = PBXNativeTarget;
			buildConfigurationList = C07B95F81A1A7F050031ADFA /* Build configuration list for PBXNativeTarget "SwiftTorture" */;
			buildPhases = (
				BF00CE6FBDA33B0ACC9882ED /* Check Pods Manifest.lock */,
				C07B95D11A1A7F050031ADFA /* Sources */,
				C07B95D21A1A7F050031ADFA /* Frameworks */,
				C07B95D31A1A7F050031ADFA /* Resources */,
				DE9896827498C566BD3556FE /* Embed Pods Frameworks */,
				1BBE83CA98957CA373AF3D90 /* Copy Pods Resources */,
			);
			buildRules = (
			);
			dependencies = (
			);
			name = SwiftTorture;
			productName = SwiftTorture;
			productReference = C07B95D51A1A7F050031ADFA /* SwiftTorture.app */;
			productType = "com.apple.product-type.application";
		};
		C07B95ED1A1A7F050031ADFA /* SwiftTortureTests */ = {
			isa = PBXNativeTarget;
			buildConfigurationList = C07B95FB1A1A7F050031ADFA /* Build configuration list for PBXNativeTarget "SwiftTortureTests" */;
			buildPhases = (
				C07B95EA1A1A7F050031ADFA /* Sources */,
				C07B95EB1A1A7F050031ADFA /* Frameworks */,
				C07B95EC1A1A7F050031ADFA /* Resources */,
			);
			buildRules = (
			);
			dependencies = (
				C07B95F01A1A7F050031ADFA /* PBXTargetDependency */,
			);
			name = SwiftTortureTests;
			productName = SwiftTortureTests;
			productReference = C07B95EE1A1A7F050031ADFA /* SwiftTortureTests.xctest */;
			productType = "com.apple.product-type.bundle.unit-test";
		};
/* End PBXNativeTarget section */

/* Begin PBXProject section */
		C07B95CD1A1A7F050031ADFA /* Project object */ = {
			isa = PBXProject;
			attributes = {
				LastUpgradeCheck = 0610;
				ORGANIZATIONNAME = "Samuel E. Giddins";
				TargetAttributes = {
					C07B95D41A1A7F050031ADFA = {
						CreatedOnToolsVersion = 6.1;
					};
					C07B95ED1A1A7F050031ADFA = {
						CreatedOnToolsVersion = 6.1;
						TestTargetID = C07B95D41A1A7F050031ADFA;
					};
				};
			};
			buildConfigurationList = C07B95D01A1A7F050031ADFA /* Build configuration list for PBXProject "SwiftTorture" */;
			compatibilityVersion = "Xcode 3.2";
			developmentRegion = English;
			hasScannedForEncodings = 0;
			knownRegions = (
				en,
				Base,
			);
			mainGroup = C07B95CC1A1A7F040031ADFA;
			productRefGroup = C07B95D61A1A7F050031ADFA /* Products */;
			projectDirPath = "";
			projectRoot = "";
			targets = (
				C07B95D41A1A7F050031ADFA /* SwiftTorture */,
				C07B95ED1A1A7F050031ADFA /* SwiftTortureTests */,
			);
		};
/* End PBXProject section */

/* Begin PBXResourcesBuildPhase section */
		C07B95D31A1A7F050031ADFA /* Resources */ = {
			isa = PBXResourcesBuildPhase;
			buildActionMask = 2147483647;
			files = (
				C07B95E61A1A7F050031ADFA /* Images.xcassets in Resources */,
			);
			runOnlyForDeploymentPostprocessing = 0;
		};
		C07B95EC1A1A7F050031ADFA /* Resources */ = {
			isa = PBXResourcesBuildPhase;
			buildActionMask = 2147483647;
			files = (
			);
			runOnlyForDeploymentPostprocessing = 0;
		};
/* End PBXResourcesBuildPhase section */

/* Begin PBXShellScriptBuildPhase section */
		1BBE83CA98957CA373AF3D90 /* Copy Pods Resources */ = {
			isa = PBXShellScriptBuildPhase;
			buildActionMask = 2147483647;
			files = (
			);
			inputPaths = (
			);
			name = "Copy Pods Resources";
			outputPaths = (
			);
			runOnlyForDeploymentPostprocessing = 0;
			shellPath = /bin/sh;
			shellScript = "\"${SRCROOT}/Pods/Target Support Files/Pods-SwiftTorture/Pods-SwiftTorture-resources.sh\"\n";
			showEnvVarsInLog = 0;
		};
		BF00CE6FBDA33B0ACC9882ED /* Check Pods Manifest.lock */ = {
			isa = PBXShellScriptBuildPhase;
			buildActionMask = 2147483647;
			files = (
			);
			inputPaths = (
			);
			name = "Check Pods Manifest.lock";
			outputPaths = (
			);
			runOnlyForDeploymentPostprocessing = 0;
			shellPath = /bin/sh;
			shellScript = "diff \"${PODS_ROOT}/../Podfile.lock\" \"${PODS_ROOT}/Manifest.lock\" > /dev/null\nif [[ $? != 0 ]] ; then\n    cat << EOM\nerror: The sandbox is not in sync with the Podfile.lock. Run 'pod install' or update your CocoaPods installation.\nEOM\n    exit 1\nfi\n";
			showEnvVarsInLog = 0;
		};
		DE9896827498C566BD3556FE /* Embed Pods Frameworks */ = {
			isa = PBXShellScriptBuildPhase;
			buildActionMask = 2147483647;
			files = (
			);
			inputPaths = (
			);
			name = "Embed Pods Frameworks";
			outputPaths = (
			);
			runOnlyForDeploymentPostprocessing = 0;
			shellPath = /bin/sh;
			shellScript = "\"${SRCROOT}/Pods/Target Support Files/Pods-SwiftTorture/Pods-SwiftTorture-frameworks.sh\"\n";
			showEnvVarsInLog = 0;
		};
/* End PBXShellScriptBuildPhase section */

/* Begin PBXSourcesBuildPhase section */
		C07B95D11A1A7F050031ADFA /* Sources */ = {
			isa = PBXSourcesBuildPhase;
			buildActionMask = 2147483647;
			files = (
				C07B95E11A1A7F050031ADFA /* ViewController.m in Sources */,
				C07B95DE1A1A7F050031ADFA /* AppDelegate.m in Sources */,
				C07B95DB1A1A7F050031ADFA /* main.m in Sources */,
			);
			runOnlyForDeploymentPostprocessing = 0;
		};
		C07B95EA1A1A7F050031ADFA /* Sources */ = {
			isa = PBXSourcesBuildPhase;
			buildActionMask = 2147483647;
			files = (
				C07B95F51A1A7F050031ADFA /* SwiftTortureTests.m in Sources */,
			);
			runOnlyForDeploymentPostprocessing = 0;
		};
/* End PBXSourcesBuildPhase section */

/* Begin PBXTargetDependency section */
		C07B95F01A1A7F050031ADFA /* PBXTargetDependency */ = {
			isa = PBXTargetDependency;
			target = C07B95D41A1A7F050031ADFA /* SwiftTorture */;
			targetProxy = C07B95EF1A1A7F050031ADFA /* PBXContainerItemProxy */;
		};
/* End PBXTargetDependency section */

/* Begin XCBuildConfiguration section */
		C07B95F61A1A7F050031ADFA /* Debug */ = {
			isa = XCBuildConfiguration;
			buildSettings = {
				ALWAYS_SEARCH_USER_PATHS = NO;
				CLANG_CXX_LANGUAGE_STANDARD = "gnu++0x";
				CLANG_CXX_LIBRARY = "libc++";
				CLANG_ENABLE_MODULES = YES;
				CLANG_ENABLE_OBJC_ARC = YES;
				CLANG_WARN_BOOL_CONVERSION = YES;
				CLANG_WARN_CONSTANT_CONVERSION = YES;
				CLANG_WARN_DIRECT_OBJC_ISA_USAGE = YES_ERROR;
				CLANG_WARN_EMPTY_BODY = YES;
				CLANG_WARN_ENUM_CONVERSION = YES;
				CLANG_WARN_INT_CONVERSION = YES;
				CLANG_WARN_OBJC_ROOT_CLASS = YES_ERROR;
				CLANG_WARN_UNREACHABLE_CODE = YES;
				CLANG_WARN__DUPLICATE_METHOD_MATCH = YES;
				"CODE_SIGN_IDENTITY[sdk=iphoneos*]" = "iPhone Developer";
				COPY_PHASE_STRIP = NO;
				EMBEDDED_CONTENT_CONTAINS_SWIFT = YES;
				ENABLE_STRICT_OBJC_MSGSEND = YES;
				GCC_C_LANGUAGE_STANDARD = gnu99;
				GCC_DYNAMIC_NO_PIC = NO;
				GCC_OPTIMIZATION_LEVEL = 0;
				GCC_PREPROCESSOR_DEFINITIONS = (
					"DEBUG=1",
					"$(inherited)",
				);
				GCC_SYMBOLS_PRIVATE_EXTERN = NO;
				GCC_WARN_64_TO_32_BIT_CONVERSION = YES;
				GCC_WARN_ABOUT_RETURN_TYPE = YES_ERROR;
				GCC_WARN_UNDECLARED_SELECTOR = YES;
				GCC_WARN_UNINITIALIZED_AUTOS = YES_AGGRESSIVE;
				GCC_WARN_UNUSED_FUNCTION = YES;
				GCC_WARN_UNUSED_VARIABLE = YES;
				IPHONEOS_DEPLOYMENT_TARGET = 8.1;
				MTL_ENABLE_DEBUG_INFO = YES;
				ONLY_ACTIVE_ARCH = YES;
				SDKROOT = iphoneos;
			};
			name = Debug;
		};
		C07B95F71A1A7F050031ADFA /* Release */ = {
			isa = XCBuildConfiguration;
			buildSettings = {
				ALWAYS_SEARCH_USER_PATHS = NO;
				CLANG_CXX_LANGUAGE_STANDARD = "gnu++0x";
				CLANG_CXX_LIBRARY = "libc++";
				CLANG_ENABLE_MODULES = YES;
				CLANG_ENABLE_OBJC_ARC = YES;
				CLANG_WARN_BOOL_CONVERSION = YES;
				CLANG_WARN_CONSTANT_CONVERSION = YES;
				CLANG_WARN_DIRECT_OBJC_ISA_USAGE = YES_ERROR;
				CLANG_WARN_EMPTY_BODY = YES;
				CLANG_WARN_ENUM_CONVERSION = YES;
				CLANG_WARN_INT_CONVERSION = YES;
				CLANG_WARN_OBJC_ROOT_CLASS = YES_ERROR;
				CLANG_WARN_UNREACHABLE_CODE = YES;
				CLANG_WARN__DUPLICATE_METHOD_MATCH = YES;
				"CODE_SIGN_IDENTITY[sdk=iphoneos*]" = "iPhone Developer";
				COPY_PHASE_STRIP = YES;
				EMBEDDED_CONTENT_CONTAINS_SWIFT = YES;
				ENABLE_NS_ASSERTIONS = NO;
				ENABLE_STRICT_OBJC_MSGSEND = YES;
				GCC_C_LANGUAGE_STANDARD = gnu99;
				GCC_WARN_64_TO_32_BIT_CONVERSION = YES;
				GCC_WARN_ABOUT_RETURN_TYPE = YES_ERROR;
				GCC_WARN_UNDECLARED_SELECTOR = YES;
				GCC_WARN_UNINITIALIZED_AUTOS = YES_AGGRESSIVE;
				GCC_WARN_UNUSED_FUNCTION = YES;
				GCC_WARN_UNUSED_VARIABLE = YES;
				IPHONEOS_DEPLOYMENT_TARGET = 8.1;
				MTL_ENABLE_DEBUG_INFO = NO;
				SDKROOT = iphoneos;
				VALIDATE_PRODUCT = YES;
			};
			name = Release;
		};
		C07B95F91A1A7F050031ADFA /* Debug */ = {
			isa = XCBuildConfiguration;
			baseConfigurationReference = 832402F10D6697F7AF16A74E /* Pods-SwiftTorture.debug.xcconfig */;
			buildSettings = {
				ASSETCATALOG_COMPILER_APPICON_NAME = AppIcon;
				EMBEDDED_CONTENT_CONTAINS_SWIFT = YES;
				INFOPLIST_FILE = SwiftTorture/Info.plist;
				LD_RUNPATH_SEARCH_PATHS = "$(inherited) @executable_path/Frameworks";
				PRODUCT_NAME = "$(TARGET_NAME)";
			};
			name = Debug;
		};
		C07B95FA1A1A7F050031ADFA /* Release */ = {
			isa = XCBuildConfiguration;
			baseConfigurationReference = 25D093677D6EE7A5DD70256B /* Pods-SwiftTorture.release.xcconfig */;
			buildSettings = {
				ASSETCATALOG_COMPILER_APPICON_NAME = AppIcon;
				EMBEDDED_CONTENT_CONTAINS_SWIFT = YES;
				INFOPLIST_FILE = SwiftTorture/Info.plist;
				LD_RUNPATH_SEARCH_PATHS = "$(inherited) @executable_path/Frameworks";
				PRODUCT_NAME = "$(TARGET_NAME)";
			};
			name = Release;
		};
		C07B95FC1A1A7F050031ADFA /* Debug */ = {
			isa = XCBuildConfiguration;
			buildSettings = {
				BUNDLE_LOADER = "$(TEST_HOST)";
				FRAMEWORK_SEARCH_PATHS = (
					"$(SDKROOT)/Developer/Library/Frameworks",
					"$(inherited)",
				);
				GCC_PREPROCESSOR_DEFINITIONS = (
					"DEBUG=1",
					"$(inherited)",
				);
				INFOPLIST_FILE = SwiftTortureTests/Info.plist;
				LD_RUNPATH_SEARCH_PATHS = "$(inherited) @executable_path/Frameworks @loader_path/Frameworks";
				PRODUCT_NAME = "$(TARGET_NAME)";
				TEST_HOST = "$(BUILT_PRODUCTS_DIR)/SwiftTorture.app/SwiftTorture";
			};
			name = Debug;
		};
		C07B95FD1A1A7F050031ADFA /* Release */ = {
			isa = XCBuildConfiguration;
			buildSettings = {
				BUNDLE_LOADER = "$(TEST_HOST)";
				FRAMEWORK_SEARCH_PATHS = (
					"$(SDKROOT)/Developer/Library/Frameworks",
					"$(inherited)",
				);
				INFOPLIST_FILE = SwiftTortureTests/Info.plist;
				LD_RUNPATH_SEARCH_PATHS = "$(inherited) @executable_path/Frameworks @loader_path/Frameworks";
				PRODUCT_NAME = "$(TARGET_NAME)";
				TEST_HOST = "$(BUILT_PRODUCTS_DIR)/SwiftTorture.app/SwiftTorture";
			};
			name = Release;
		};
/* End XCBuildConfiguration section */

/* Begin XCConfigurationList section */
		C07B95D01A1A7F050031ADFA /* Build configuration list for PBXProject "SwiftTorture" */ = {
			isa = XCConfigurationList;
			buildConfigurations = (
				C07B95F61A1A7F050031ADFA /* Debug */,
				C07B95F71A1A7F050031ADFA /* Release */,
			);
			defaultConfigurationIsVisible = 0;
			defaultConfigurationName = Release;
		};
		C07B95F81A1A7F050031ADFA /* Build configuration list for PBXNativeTarget "SwiftTorture" */ = {
			isa = XCConfigurationList;
			buildConfigurations = (
				C07B95F91A1A7F050031ADFA /* Debug */,
				C07B95FA1A1A7F050031ADFA /* Release */,
			);
			defaultConfigurationIsVisible = 0;
			defaultConfigurationName = Release;
		};
		C07B95FB1A1A7F050031ADFA /* Build configuration list for PBXNativeTarget "SwiftTortureTests" */ = {
			isa = XCConfigurationList;
			buildConfigurations = (
				C07B95FC1A1A7F050031ADFA /* Debug */,
				C07B95FD1A1A7F050031ADFA /* Release */,
			);
			defaultConfigurationIsVisible = 0;
			defaultConfigurationName = Release;
		};
/* End XCConfigurationList section */
	};
	rootObject = C07B95CD1A1A7F050031ADFA /* Project object */;
}
